
Microsoft Visual Studio Solution File, Format Version 12.00
# Visual Studio Version 16
VisualStudioVersion = 16.0.29009.5
MinimumVisualStudioVersion = 10.0.40219.1
Project("{FAE04EC0-301F-11D3-BF4B-00C04F79EFBC}") = "OOP_familyTree", "OOP_familyTree.csproj", "{DE7FFC78-7E10-4DC0-89DF-91986CD9F1BA}"
EndProject
Global
	GlobalSection(SolutionConfigurationPlatforms) = preSolution
		Debug|Any CPU = Debug|Any CPU
		Release|Any CPU = Release|Any CPU
	EndGlobalSection
	GlobalSection(ProjectConfigurationPlatforms) = postSolution
		{DE7FFC78-7E10-4DC0-89DF-91986CD9F1BA}.Debug|Any CPU.ActiveCfg = Debug|Any CPU
		{DE7FFC78-7E10-4DC0-89DF-91986CD9F1BA}.Debug|Any CPU.Build.0 = Debug|Any CPU
		{DE7FFC78-7E10-4DC0-89DF-91986CD9F1BA}.Release|Any CPU.ActiveCfg = Release|Any CPU
		{DE7FFC78-7E10-4DC0-89DF-91986CD9F1BA}.Release|Any CPU.Build.0 = Release|Any CPU
	EndGlobalSection
	GlobalSection(SolutionProperties) = preSolution
		HideSolutionNode = FALSE
	EndGlobalSection
	GlobalSection(ExtensibilityGlobals) = postSolution
		SolutionGuid = {FC6AB927-B75A-421C-ACD8-1CFDF369A644}
	EndGlobalSection
EndGlobal
